
Microsoft Visual Studio Solution File, Format Version 12.00
Project("{FAE04EC0-301F-11D3-BF4B-00C04F79EFBC}") = "UserAPI", "UserAPI\UserAPI.csproj", "{68868B6F-ED78-4700-AC06-E54DAC774586}"
EndProject
Global
	GlobalSection(SolutionConfigurationPlatforms) = preSolution
		Debug|Any CPU = Debug|Any CPU
		Release|Any CPU = Release|Any CPU
	EndGlobalSection
	GlobalSection(ProjectConfigurationPlatforms) = postSolution
		{68868B6F-ED78-4700-AC06-E54DAC774586}.Debug|Any CPU.ActiveCfg = Debug|Any CPU
		{68868B6F-ED78-4700-AC06-E54DAC774586}.Debug|Any CPU.Build.0 = Debug|Any CPU
		{68868B6F-ED78-4700-AC06-E54DAC774586}.Release|Any CPU.ActiveCfg = Release|Any CPU
		{68868B6F-ED78-4700-AC06-E54DAC774586}.Release|Any CPU.Build.0 = Release|Any CPU
	EndGlobalSection
EndGlobal
